
Microsoft Visual Studio Solution File, Format Version 12.00
# Visual Studio Version 17
VisualStudioVersion = 17.0.32014.148
MinimumVisualStudioVersion = 10.0.40219.1
Project("{8BC9CEB8-8B4A-11D0-8D11-00A0C91BC942}") = "FirstProject", "FirstProject\FirstProject.vcxproj", "{179A9DE1-AEB4-4E5A-8399-03505F41A2F6}"
EndProject
Project("{8BC9CEB8-8B4A-11D0-8D11-00A0C91BC942}") = "DynamicAllocation", "DynamicAllocation\DynamicAllocation.vcxproj", "{EBBBB914-F8EA-4EA5-9D0F-4D738D391B3D}"
EndProject
Project("{8BC9CEB8-8B4A-11D0-8D11-00A0C91BC942}") = "String", "String\String.vcxproj", "{06899A2E-8996-4AE7-9327-64DEE5A62B85}"
EndProject
Project("{8BC9CEB8-8B4A-11D0-8D11-00A0C91BC942}") = "Functions", "Functions\Functions.vcxproj", "{A9EB1E1D-B3B8-4638-9710-040B30FF82EF}"
EndProject
Global
	GlobalSection(SolutionConfigurationPlatforms) = preSolution
		Debug|x64 = Debug|x64
		Debug|x86 = Debug|x86
		Release|x64 = Release|x64
		Release|x86 = Release|x86
	EndGlobalSection
	GlobalSection(ProjectConfigurationPlatforms) = postSolution
		{179A9DE1-AEB4-4E5A-8399-03505F41A2F6}.Debug|x64.ActiveCfg = Debug|x64
		{179A9DE1-AEB4-4E5A-8399-03505F41A2F6}.Debug|x64.Build.0 = Debug|x64
		{179A9DE1-AEB4-4E5A-8399-03505F41A2F6}.Debug|x86.ActiveCfg = Debug|Win32
		{179A9DE1-AEB4-4E5A-8399-03505F41A2F6}.Debug|x86.Build.0 = Debug|Win32
		{179A9DE1-AEB4-4E5A-8399-03505F41A2F6}.Release|x64.ActiveCfg = Release|x64
		{179A9DE1-AEB4-4E5A-8399-03505F41A2F6}.Release|x64.Build.0 = Release|x64
		{179A9DE1-AEB4-4E5A-8399-03505F41A2F6}.Release|x86.ActiveCfg = Release|Win32
		{179A9DE1-AEB4-4E5A-8399-03505F41A2F6}.Release|x86.Build.0 = Release|Win32
		{EBBBB914-F8EA-4EA5-9D0F-4D738D391B3D}.Debug|x64.ActiveCfg = Debug|x64
		{EBBBB914-F8EA-4EA5-9D0F-4D738D391B3D}.Debug|x64.Build.0 = Debug|x64
		{EBBBB914-F8EA-4EA5-9D0F-4D738D391B3D}.Debug|x86.ActiveCfg = Debug|Win32
		{EBBBB914-F8EA-4EA5-9D0F-4D738D391B3D}.Debug|x86.Build.0 = Debug|Win32
		{EBBBB914-F8EA-4EA5-9D0F-4D738D391B3D}.Release|x64.ActiveCfg = Release|x64
		{EBBBB914-F8EA-4EA5-9D0F-4D738D391B3D}.Release|x64.Build.0 = Release|x64
		{EBBBB914-F8EA-4EA5-9D0F-4D738D391B3D}.Release|x86.ActiveCfg = Release|Win32
		{EBBBB914-F8EA-4EA5-9D0F-4D738D391B3D}.Release|x86.Build.0 = Release|Win32
		{06899A2E-8996-4AE7-9327-64DEE5A62B85}.Debug|x64.ActiveCfg = Debug|x64
		{06899A2E-8996-4AE7-9327-64DEE5A62B85}.Debug|x64.Build.0 = Debug|x64
		{06899A2E-8996-4AE7-9327-64DEE5A62B85}.Debug|x86.ActiveCfg = Debug|Win32
		{06899A2E-8996-4AE7-9327-64DEE5A62B85}.Debug|x86.Build.0 = Debug|Win32
		{06899A2E-8996-4AE7-9327-64DEE5A62B85}.Release|x64.ActiveCfg = Release|x64
		{06899A2E-8996-4AE7-9327-64DEE5A62B85}.Release|x64.Build.0 = Release|x64
		{06899A2E-8996-4AE7-9327-64DEE5A62B85}.Release|x86.ActiveCfg = Release|Win32
		{06899A2E-8996-4AE7-9327-64DEE5A62B85}.Release|x86.Build.0 = Release|Win32
		{A9EB1E1D-B3B8-4638-9710-040B30FF82EF}.Debug|x64.ActiveCfg = Debug|x64
		{A9EB1E1D-B3B8-4638-9710-040B30FF82EF}.Debug|x64.Build.0 = Debug|x64
		{A9EB1E1D-B3B8-4638-9710-040B30FF82EF}.Debug|x86.ActiveCfg = Debug|Win32
		{A9EB1E1D-B3B8-4638-9710-040B30FF82EF}.Debug|x86.Build.0 = Debug|Win32
		{A9EB1E1D-B3B8-4638-9710-040B30FF82EF}.Release|x64.ActiveCfg = Release|x64
		{A9EB1E1D-B3B8-4638-9710-040B30FF82EF}.Release|x64.Build.0 = Release|x64
		{A9EB1E1D-B3B8-4638-9710-040B30FF82EF}.Release|x86.ActiveCfg = Release|Win32
		{A9EB1E1D-B3B8-4638-9710-040B30FF82EF}.Release|x86.Build.0 = Release|Win32
	EndGlobalSection
	GlobalSection(SolutionProperties) = preSolution
		HideSolutionNode = FALSE
	EndGlobalSection
	GlobalSection(ExtensibilityGlobals) = postSolution
		SolutionGuid = {B8308BFC-08A5-453B-AC69-A78FAB5F0DC1}
	EndGlobalSection
EndGlobal
