
Microsoft Visual Studio Solution File, Format Version 12.00
# Visual Studio Version 17
VisualStudioVersion = 17.0.32014.148
MinimumVisualStudioVersion = 10.0.40219.1
Project("{8BC9CEB8-8B4A-11D0-8D11-00A0C91BC942}") = "Client_FirstProject", "Client_FirstProject\Client_FirstProject.vcxproj", "{CCD813DE-ED4A-4293-B121-EDAC0D5C5A1E}"
EndProject
Project("{8BC9CEB8-8B4A-11D0-8D11-00A0C91BC942}") = "ConstantExpression", "ConstantExpression\ConstantExpression.vcxproj", "{2062563A-D7E6-475B-9EEB-F212839FA948}"
EndProject
Project("{8BC9CEB8-8B4A-11D0-8D11-00A0C91BC942}") = "Variables", "Variables\Variables.vcxproj", "{F1004545-01AD-4FB0-92FB-42D45AD636BA}"
EndProject
Project("{8BC9CEB8-8B4A-11D0-8D11-00A0C91BC942}") = "OutputFunction_scanf", "OutputFunction_scanf\OutputFunction_scanf.vcxproj", "{222C1403-C7E9-42E2-B672-FDA7B233F275}"
EndProject
Project("{8BC9CEB8-8B4A-11D0-8D11-00A0C91BC942}") = "Operator", "Operator\Operator.vcxproj", "{50BBC066-77C9-4765-B28F-DA49877EF0ED}"
EndProject
Project("{8BC9CEB8-8B4A-11D0-8D11-00A0C91BC942}") = "ControlStatement_if", "if\if.vcxproj", "{C7A9E8E3-150F-4C6C-9811-65BEC9C73F6C}"
EndProject
Project("{8BC9CEB8-8B4A-11D0-8D11-00A0C91BC942}") = "ControlStatement_SwitchCase", "ControlStatement_SwitchCase\ControlStatement_SwitchCase.vcxproj", "{2F9058EB-BCBC-4AA8-8898-8305B2D6E1BD}"
EndProject
Project("{8BC9CEB8-8B4A-11D0-8D11-00A0C91BC942}") = "ControlStatement_Loop_While", "ControlStatement_Loop_While\ControlStatement_Loop_While.vcxproj", "{E62662D3-2364-49BF-BE26-4543603C9365}"
EndProject
Project("{8BC9CEB8-8B4A-11D0-8D11-00A0C91BC942}") = "ControlStatement_Loop_for", "ControlStatement_Loop_for\ControlStatement_Loop_for.vcxproj", "{72B8D80C-71DF-4587-B1A3-24B81A116E32}"
EndProject
Project("{8BC9CEB8-8B4A-11D0-8D11-00A0C91BC942}") = "Function", "Function\Function.vcxproj", "{225C0A85-7E85-4CA5-8385-3B88C64DE17B}"
EndProject
Project("{8BC9CEB8-8B4A-11D0-8D11-00A0C91BC942}") = "PointerAndArray", "PointerAndArray\PointerAndArray.vcxproj", "{031D0E26-4034-43A9-AFD4-590A8AF3CED7}"
EndProject
Project("{8BC9CEB8-8B4A-11D0-8D11-00A0C91BC942}") = "DoublePointer", "DoublePointer\DoublePointer.vcxproj", "{ED961B69-3F9B-498F-83D4-54D118451BE8}"
EndProject
Project("{8BC9CEB8-8B4A-11D0-8D11-00A0C91BC942}") = "FunctionPointer", "FunctionPointer\FunctionPointer.vcxproj", "{30809EE5-BD75-460B-A539-595C33C68BAA}"
EndProject
Project("{8BC9CEB8-8B4A-11D0-8D11-00A0C91BC942}") = "TypeDefine", "TypeDefine\TypeDefine.vcxproj", "{C71D9004-A216-441E-B781-F3D1D78E63CF}"
EndProject
Project("{8BC9CEB8-8B4A-11D0-8D11-00A0C91BC942}") = "Structure", "Structure\Structure.vcxproj", "{43F7F3AB-A829-495B-88E9-0429BDAFC607}"
EndProject
Project("{8BC9CEB8-8B4A-11D0-8D11-00A0C91BC942}") = "Union", "Union\Union.vcxproj", "{230C579D-5C1E-4961-8893-06E31EF7D676}"
EndProject
Project("{8BC9CEB8-8B4A-11D0-8D11-00A0C91BC942}") = "Enum", "Enum\Enum.vcxproj", "{5BDF40D6-80F6-4A2C-8853-7F7A87970F52}"
EndProject
Project("{8BC9CEB8-8B4A-11D0-8D11-00A0C91BC942}") = "DynamicMemory", "DynamicMemory\DynamicMemory.vcxproj", "{D05D2B6C-0645-406B-B6B9-0645FABA0575}"
EndProject
Project("{8BC9CEB8-8B4A-11D0-8D11-00A0C91BC942}") = "FileinOut", "FileinOut\FileinOut.vcxproj", "{F66530BE-56DF-4520-965C-AEA455E7A5C3}"
EndProject
Project("{8BC9CEB8-8B4A-11D0-8D11-00A0C91BC942}") = "FileDivision", "FileDivision\FileDivision.vcxproj", "{278CF32A-1DAA-4B38-9A3C-02AE3B1BCF4B}"
EndProject
Project("{8BC9CEB8-8B4A-11D0-8D11-00A0C91BC942}") = "DataStructure_DynamicArray", "DataStructure_DynamicArray\DataStructure_DynamicArray.vcxproj", "{7CF339A8-10D2-43BC-8A60-043FED99C60A}"
EndProject
Global
	GlobalSection(SolutionConfigurationPlatforms) = preSolution
		Debug|x64 = Debug|x64
		Debug|x86 = Debug|x86
		Release|x64 = Release|x64
		Release|x86 = Release|x86
	EndGlobalSection
	GlobalSection(ProjectConfigurationPlatforms) = postSolution
		{CCD813DE-ED4A-4293-B121-EDAC0D5C5A1E}.Debug|x64.ActiveCfg = Debug|x64
		{CCD813DE-ED4A-4293-B121-EDAC0D5C5A1E}.Debug|x64.Build.0 = Debug|x64
		{CCD813DE-ED4A-4293-B121-EDAC0D5C5A1E}.Debug|x86.ActiveCfg = Debug|Win32
		{CCD813DE-ED4A-4293-B121-EDAC0D5C5A1E}.Debug|x86.Build.0 = Debug|Win32
		{CCD813DE-ED4A-4293-B121-EDAC0D5C5A1E}.Release|x64.ActiveCfg = Release|x64
		{CCD813DE-ED4A-4293-B121-EDAC0D5C5A1E}.Release|x64.Build.0 = Release|x64
		{CCD813DE-ED4A-4293-B121-EDAC0D5C5A1E}.Release|x86.ActiveCfg = Release|Win32
		{CCD813DE-ED4A-4293-B121-EDAC0D5C5A1E}.Release|x86.Build.0 = Release|Win32
		{2062563A-D7E6-475B-9EEB-F212839FA948}.Debug|x64.ActiveCfg = Debug|x64
		{2062563A-D7E6-475B-9EEB-F212839FA948}.Debug|x64.Build.0 = Debug|x64
		{2062563A-D7E6-475B-9EEB-F212839FA948}.Debug|x86.ActiveCfg = Debug|Win32
		{2062563A-D7E6-475B-9EEB-F212839FA948}.Debug|x86.Build.0 = Debug|Win32
		{2062563A-D7E6-475B-9EEB-F212839FA948}.Release|x64.ActiveCfg = Release|x64
		{2062563A-D7E6-475B-9EEB-F212839FA948}.Release|x64.Build.0 = Release|x64
		{2062563A-D7E6-475B-9EEB-F212839FA948}.Release|x86.ActiveCfg = Release|Win32
		{2062563A-D7E6-475B-9EEB-F212839FA948}.Release|x86.Build.0 = Release|Win32
		{F1004545-01AD-4FB0-92FB-42D45AD636BA}.Debug|x64.ActiveCfg = Debug|x64
		{F1004545-01AD-4FB0-92FB-42D45AD636BA}.Debug|x64.Build.0 = Debug|x64
		{F1004545-01AD-4FB0-92FB-42D45AD636BA}.Debug|x86.ActiveCfg = Debug|Win32
		{F1004545-01AD-4FB0-92FB-42D45AD636BA}.Debug|x86.Build.0 = Debug|Win32
		{F1004545-01AD-4FB0-92FB-42D45AD636BA}.Release|x64.ActiveCfg = Release|x64
		{F1004545-01AD-4FB0-92FB-42D45AD636BA}.Release|x64.Build.0 = Release|x64
		{F1004545-01AD-4FB0-92FB-42D45AD636BA}.Release|x86.ActiveCfg = Release|Win32
		{F1004545-01AD-4FB0-92FB-42D45AD636BA}.Release|x86.Build.0 = Release|Win32
		{222C1403-C7E9-42E2-B672-FDA7B233F275}.Debug|x64.ActiveCfg = Debug|x64
		{222C1403-C7E9-42E2-B672-FDA7B233F275}.Debug|x64.Build.0 = Debug|x64
		{222C1403-C7E9-42E2-B672-FDA7B233F275}.Debug|x86.ActiveCfg = Debug|Win32
		{222C1403-C7E9-42E2-B672-FDA7B233F275}.Debug|x86.Build.0 = Debug|Win32
		{222C1403-C7E9-42E2-B672-FDA7B233F275}.Release|x64.ActiveCfg = Release|x64
		{222C1403-C7E9-42E2-B672-FDA7B233F275}.Release|x64.Build.0 = Release|x64
		{222C1403-C7E9-42E2-B672-FDA7B233F275}.Release|x86.ActiveCfg = Release|Win32
		{222C1403-C7E9-42E2-B672-FDA7B233F275}.Release|x86.Build.0 = Release|Win32
		{50BBC066-77C9-4765-B28F-DA49877EF0ED}.Debug|x64.ActiveCfg = Debug|x64
		{50BBC066-77C9-4765-B28F-DA49877EF0ED}.Debug|x64.Build.0 = Debug|x64
		{50BBC066-77C9-4765-B28F-DA49877EF0ED}.Debug|x86.ActiveCfg = Debug|Win32
		{50BBC066-77C9-4765-B28F-DA49877EF0ED}.Debug|x86.Build.0 = Debug|Win32
		{50BBC066-77C9-4765-B28F-DA49877EF0ED}.Release|x64.ActiveCfg = Release|x64
		{50BBC066-77C9-4765-B28F-DA49877EF0ED}.Release|x64.Build.0 = Release|x64
		{50BBC066-77C9-4765-B28F-DA49877EF0ED}.Release|x86.ActiveCfg = Release|Win32
		{50BBC066-77C9-4765-B28F-DA49877EF0ED}.Release|x86.Build.0 = Release|Win32
		{C7A9E8E3-150F-4C6C-9811-65BEC9C73F6C}.Debug|x64.ActiveCfg = Debug|x64
		{C7A9E8E3-150F-4C6C-9811-65BEC9C73F6C}.Debug|x64.Build.0 = Debug|x64
		{C7A9E8E3-150F-4C6C-9811-65BEC9C73F6C}.Debug|x86.ActiveCfg = Debug|Win32
		{C7A9E8E3-150F-4C6C-9811-65BEC9C73F6C}.Debug|x86.Build.0 = Debug|Win32
		{C7A9E8E3-150F-4C6C-9811-65BEC9C73F6C}.Release|x64.ActiveCfg = Release|x64
		{C7A9E8E3-150F-4C6C-9811-65BEC9C73F6C}.Release|x64.Build.0 = Release|x64
		{C7A9E8E3-150F-4C6C-9811-65BEC9C73F6C}.Release|x86.ActiveCfg = Release|Win32
		{C7A9E8E3-150F-4C6C-9811-65BEC9C73F6C}.Release|x86.Build.0 = Release|Win32
		{2F9058EB-BCBC-4AA8-8898-8305B2D6E1BD}.Debug|x64.ActiveCfg = Debug|x64
		{2F9058EB-BCBC-4AA8-8898-8305B2D6E1BD}.Debug|x64.Build.0 = Debug|x64
		{2F9058EB-BCBC-4AA8-8898-8305B2D6E1BD}.Debug|x86.ActiveCfg = Debug|Win32
		{2F9058EB-BCBC-4AA8-8898-8305B2D6E1BD}.Debug|x86.Build.0 = Debug|Win32
		{2F9058EB-BCBC-4AA8-8898-8305B2D6E1BD}.Release|x64.ActiveCfg = Release|x64
		{2F9058EB-BCBC-4AA8-8898-8305B2D6E1BD}.Release|x64.Build.0 = Release|x64
		{2F9058EB-BCBC-4AA8-8898-8305B2D6E1BD}.Release|x86.ActiveCfg = Release|Win32
		{2F9058EB-BCBC-4AA8-8898-8305B2D6E1BD}.Release|x86.Build.0 = Release|Win32
		{E62662D3-2364-49BF-BE26-4543603C9365}.Debug|x64.ActiveCfg = Debug|x64
		{E62662D3-2364-49BF-BE26-4543603C9365}.Debug|x64.Build.0 = Debug|x64
		{E62662D3-2364-49BF-BE26-4543603C9365}.Debug|x86.ActiveCfg = Debug|Win32
		{E62662D3-2364-49BF-BE26-4543603C9365}.Debug|x86.Build.0 = Debug|Win32
		{E62662D3-2364-49BF-BE26-4543603C9365}.Release|x64.ActiveCfg = Release|x64
		{E62662D3-2364-49BF-BE26-4543603C9365}.Release|x64.Build.0 = Release|x64
		{E62662D3-2364-49BF-BE26-4543603C9365}.Release|x86.ActiveCfg = Release|Win32
		{E62662D3-2364-49BF-BE26-4543603C9365}.Release|x86.Build.0 = Release|Win32
		{72B8D80C-71DF-4587-B1A3-24B81A116E32}.Debug|x64.ActiveCfg = Debug|x64
		{72B8D80C-71DF-4587-B1A3-24B81A116E32}.Debug|x64.Build.0 = Debug|x64
		{72B8D80C-71DF-4587-B1A3-24B81A116E32}.Debug|x86.ActiveCfg = Debug|Win32
		{72B8D80C-71DF-4587-B1A3-24B81A116E32}.Debug|x86.Build.0 = Debug|Win32
		{72B8D80C-71DF-4587-B1A3-24B81A116E32}.Release|x64.ActiveCfg = Release|x64
		{72B8D80C-71DF-4587-B1A3-24B81A116E32}.Release|x64.Build.0 = Release|x64
		{72B8D80C-71DF-4587-B1A3-24B81A116E32}.Release|x86.ActiveCfg = Release|Win32
		{72B8D80C-71DF-4587-B1A3-24B81A116E32}.Release|x86.Build.0 = Release|Win32
		{225C0A85-7E85-4CA5-8385-3B88C64DE17B}.Debug|x64.ActiveCfg = Debug|x64
		{225C0A85-7E85-4CA5-8385-3B88C64DE17B}.Debug|x64.Build.0 = Debug|x64
		{225C0A85-7E85-4CA5-8385-3B88C64DE17B}.Debug|x86.ActiveCfg = Debug|Win32
		{225C0A85-7E85-4CA5-8385-3B88C64DE17B}.Debug|x86.Build.0 = Debug|Win32
		{225C0A85-7E85-4CA5-8385-3B88C64DE17B}.Release|x64.ActiveCfg = Release|x64
		{225C0A85-7E85-4CA5-8385-3B88C64DE17B}.Release|x64.Build.0 = Release|x64
		{225C0A85-7E85-4CA5-8385-3B88C64DE17B}.Release|x86.ActiveCfg = Release|Win32
		{225C0A85-7E85-4CA5-8385-3B88C64DE17B}.Release|x86.Build.0 = Release|Win32
		{031D0E26-4034-43A9-AFD4-590A8AF3CED7}.Debug|x64.ActiveCfg = Debug|x64
		{031D0E26-4034-43A9-AFD4-590A8AF3CED7}.Debug|x64.Build.0 = Debug|x64
		{031D0E26-4034-43A9-AFD4-590A8AF3CED7}.Debug|x86.ActiveCfg = Debug|Win32
		{031D0E26-4034-43A9-AFD4-590A8AF3CED7}.Debug|x86.Build.0 = Debug|Win32
		{031D0E26-4034-43A9-AFD4-590A8AF3CED7}.Release|x64.ActiveCfg = Release|x64
		{031D0E26-4034-43A9-AFD4-590A8AF3CED7}.Release|x64.Build.0 = Release|x64
		{031D0E26-4034-43A9-AFD4-590A8AF3CED7}.Release|x86.ActiveCfg = Release|Win32
		{031D0E26-4034-43A9-AFD4-590A8AF3CED7}.Release|x86.Build.0 = Release|Win32
		{ED961B69-3F9B-498F-83D4-54D118451BE8}.Debug|x64.ActiveCfg = Debug|x64
		{ED961B69-3F9B-498F-83D4-54D118451BE8}.Debug|x64.Build.0 = Debug|x64
		{ED961B69-3F9B-498F-83D4-54D118451BE8}.Debug|x86.ActiveCfg = Debug|Win32
		{ED961B69-3F9B-498F-83D4-54D118451BE8}.Debug|x86.Build.0 = Debug|Win32
		{ED961B69-3F9B-498F-83D4-54D118451BE8}.Release|x64.ActiveCfg = Release|x64
		{ED961B69-3F9B-498F-83D4-54D118451BE8}.Release|x64.Build.0 = Release|x64
		{ED961B69-3F9B-498F-83D4-54D118451BE8}.Release|x86.ActiveCfg = Release|Win32
		{ED961B69-3F9B-498F-83D4-54D118451BE8}.Release|x86.Build.0 = Release|Win32
		{30809EE5-BD75-460B-A539-595C33C68BAA}.Debug|x64.ActiveCfg = Debug|x64
		{30809EE5-BD75-460B-A539-595C33C68BAA}.Debug|x64.Build.0 = Debug|x64
		{30809EE5-BD75-460B-A539-595C33C68BAA}.Debug|x86.ActiveCfg = Debug|Win32
		{30809EE5-BD75-460B-A539-595C33C68BAA}.Debug|x86.Build.0 = Debug|Win32
		{30809EE5-BD75-460B-A539-595C33C68BAA}.Release|x64.ActiveCfg = Release|x64
		{30809EE5-BD75-460B-A539-595C33C68BAA}.Release|x64.Build.0 = Release|x64
		{30809EE5-BD75-460B-A539-595C33C68BAA}.Release|x86.ActiveCfg = Release|Win32
		{30809EE5-BD75-460B-A539-595C33C68BAA}.Release|x86.Build.0 = Release|Win32
		{C71D9004-A216-441E-B781-F3D1D78E63CF}.Debug|x64.ActiveCfg = Debug|x64
		{C71D9004-A216-441E-B781-F3D1D78E63CF}.Debug|x64.Build.0 = Debug|x64
		{C71D9004-A216-441E-B781-F3D1D78E63CF}.Debug|x86.ActiveCfg = Debug|Win32
		{C71D9004-A216-441E-B781-F3D1D78E63CF}.Debug|x86.Build.0 = Debug|Win32
		{C71D9004-A216-441E-B781-F3D1D78E63CF}.Release|x64.ActiveCfg = Release|x64
		{C71D9004-A216-441E-B781-F3D1D78E63CF}.Release|x64.Build.0 = Release|x64
		{C71D9004-A216-441E-B781-F3D1D78E63CF}.Release|x86.ActiveCfg = Release|Win32
		{C71D9004-A216-441E-B781-F3D1D78E63CF}.Release|x86.Build.0 = Release|Win32
		{43F7F3AB-A829-495B-88E9-0429BDAFC607}.Debug|x64.ActiveCfg = Debug|x64
		{43F7F3AB-A829-495B-88E9-0429BDAFC607}.Debug|x64.Build.0 = Debug|x64
		{43F7F3AB-A829-495B-88E9-0429BDAFC607}.Debug|x86.ActiveCfg = Debug|Win32
		{43F7F3AB-A829-495B-88E9-0429BDAFC607}.Debug|x86.Build.0 = Debug|Win32
		{43F7F3AB-A829-495B-88E9-0429BDAFC607}.Release|x64.ActiveCfg = Release|x64
		{43F7F3AB-A829-495B-88E9-0429BDAFC607}.Release|x64.Build.0 = Release|x64
		{43F7F3AB-A829-495B-88E9-0429BDAFC607}.Release|x86.ActiveCfg = Release|Win32
		{43F7F3AB-A829-495B-88E9-0429BDAFC607}.Release|x86.Build.0 = Release|Win32
		{230C579D-5C1E-4961-8893-06E31EF7D676}.Debug|x64.ActiveCfg = Debug|x64
		{230C579D-5C1E-4961-8893-06E31EF7D676}.Debug|x64.Build.0 = Debug|x64
		{230C579D-5C1E-4961-8893-06E31EF7D676}.Debug|x86.ActiveCfg = Debug|Win32
		{230C579D-5C1E-4961-8893-06E31EF7D676}.Debug|x86.Build.0 = Debug|Win32
		{230C579D-5C1E-4961-8893-06E31EF7D676}.Release|x64.ActiveCfg = Release|x64
		{230C579D-5C1E-4961-8893-06E31EF7D676}.Release|x64.Build.0 = Release|x64
		{230C579D-5C1E-4961-8893-06E31EF7D676}.Release|x86.ActiveCfg = Release|Win32
		{230C579D-5C1E-4961-8893-06E31EF7D676}.Release|x86.Build.0 = Release|Win32
		{5BDF40D6-80F6-4A2C-8853-7F7A87970F52}.Debug|x64.ActiveCfg = Debug|x64
		{5BDF40D6-80F6-4A2C-8853-7F7A87970F52}.Debug|x64.Build.0 = Debug|x64
		{5BDF40D6-80F6-4A2C-8853-7F7A87970F52}.Debug|x86.ActiveCfg = Debug|Win32
		{5BDF40D6-80F6-4A2C-8853-7F7A87970F52}.Debug|x86.Build.0 = Debug|Win32
		{5BDF40D6-80F6-4A2C-8853-7F7A87970F52}.Release|x64.ActiveCfg = Release|x64
		{5BDF40D6-80F6-4A2C-8853-7F7A87970F52}.Release|x64.Build.0 = Release|x64
		{5BDF40D6-80F6-4A2C-8853-7F7A87970F52}.Release|x86.ActiveCfg = Release|Win32
		{5BDF40D6-80F6-4A2C-8853-7F7A87970F52}.Release|x86.Build.0 = Release|Win32
		{D05D2B6C-0645-406B-B6B9-0645FABA0575}.Debug|x64.ActiveCfg = Debug|x64
		{D05D2B6C-0645-406B-B6B9-0645FABA0575}.Debug|x64.Build.0 = Debug|x64
		{D05D2B6C-0645-406B-B6B9-0645FABA0575}.Debug|x86.ActiveCfg = Debug|Win32
		{D05D2B6C-0645-406B-B6B9-0645FABA0575}.Debug|x86.Build.0 = Debug|Win32
		{D05D2B6C-0645-406B-B6B9-0645FABA0575}.Release|x64.ActiveCfg = Release|x64
		{D05D2B6C-0645-406B-B6B9-0645FABA0575}.Release|x64.Build.0 = Release|x64
		{D05D2B6C-0645-406B-B6B9-0645FABA0575}.Release|x86.ActiveCfg = Release|Win32
		{D05D2B6C-0645-406B-B6B9-0645FABA0575}.Release|x86.Build.0 = Release|Win32
		{F66530BE-56DF-4520-965C-AEA455E7A5C3}.Debug|x64.ActiveCfg = Debug|x64
		{F66530BE-56DF-4520-965C-AEA455E7A5C3}.Debug|x64.Build.0 = Debug|x64
		{F66530BE-56DF-4520-965C-AEA455E7A5C3}.Debug|x86.ActiveCfg = Debug|Win32
		{F66530BE-56DF-4520-965C-AEA455E7A5C3}.Debug|x86.Build.0 = Debug|Win32
		{F66530BE-56DF-4520-965C-AEA455E7A5C3}.Release|x64.ActiveCfg = Release|x64
		{F66530BE-56DF-4520-965C-AEA455E7A5C3}.Release|x64.Build.0 = Release|x64
		{F66530BE-56DF-4520-965C-AEA455E7A5C3}.Release|x86.ActiveCfg = Release|Win32
		{F66530BE-56DF-4520-965C-AEA455E7A5C3}.Release|x86.Build.0 = Release|Win32
		{278CF32A-1DAA-4B38-9A3C-02AE3B1BCF4B}.Debug|x64.ActiveCfg = Debug|x64
		{278CF32A-1DAA-4B38-9A3C-02AE3B1BCF4B}.Debug|x64.Build.0 = Debug|x64
		{278CF32A-1DAA-4B38-9A3C-02AE3B1BCF4B}.Debug|x86.ActiveCfg = Debug|Win32
		{278CF32A-1DAA-4B38-9A3C-02AE3B1BCF4B}.Debug|x86.Build.0 = Debug|Win32
		{278CF32A-1DAA-4B38-9A3C-02AE3B1BCF4B}.Release|x64.ActiveCfg = Release|x64
		{278CF32A-1DAA-4B38-9A3C-02AE3B1BCF4B}.Release|x64.Build.0 = Release|x64
		{278CF32A-1DAA-4B38-9A3C-02AE3B1BCF4B}.Release|x86.ActiveCfg = Release|Win32
		{278CF32A-1DAA-4B38-9A3C-02AE3B1BCF4B}.Release|x86.Build.0 = Release|Win32
		{7CF339A8-10D2-43BC-8A60-043FED99C60A}.Debug|x64.ActiveCfg = Debug|x64
		{7CF339A8-10D2-43BC-8A60-043FED99C60A}.Debug|x64.Build.0 = Debug|x64
		{7CF339A8-10D2-43BC-8A60-043FED99C60A}.Debug|x86.ActiveCfg = Debug|Win32
		{7CF339A8-10D2-43BC-8A60-043FED99C60A}.Debug|x86.Build.0 = Debug|Win32
		{7CF339A8-10D2-43BC-8A60-043FED99C60A}.Release|x64.ActiveCfg = Release|x64
		{7CF339A8-10D2-43BC-8A60-043FED99C60A}.Release|x64.Build.0 = Release|x64
		{7CF339A8-10D2-43BC-8A60-043FED99C60A}.Release|x86.ActiveCfg = Release|Win32
		{7CF339A8-10D2-43BC-8A60-043FED99C60A}.Release|x86.Build.0 = Release|Win32
	EndGlobalSection
	GlobalSection(SolutionProperties) = preSolution
		HideSolutionNode = FALSE
	EndGlobalSection
	GlobalSection(ExtensibilityGlobals) = postSolution
		SolutionGuid = {AFA421A8-88D5-4363-A5FD-61DFD9123A85}
	EndGlobalSection
EndGlobal
